
Microsoft Visual Studio Solution File, Format Version 12.00
# Visual Studio Version 17
VisualStudioVersion = 17.7.34221.43
MinimumVisualStudioVersion = 10.0.40219.1
Project("{9A19103F-16F7-4668-BE54-9A1E7A4F7556}") = "LightweightToDoLesson11", "LightweightToDoLesson11\LightweightToDoLesson11.csproj", "{B808C9EF-3F67-48C5-B3E3-F88D8930528C}"
EndProject
Project("{FAE04EC0-301F-11D3-BF4B-00C04F79EFBC}") = "ManageseStafteDbApp", "ManageseStafteDbApp\ManageseStafteDbApp.csproj", "{3BA6BBC1-475D-4A0E-A71D-7C33054DB8AE}"
EndProject
Global
	GlobalSection(SolutionConfigurationPlatforms) = preSolution
		Debug|Any CPU = Debug|Any CPU
		Release|Any CPU = Release|Any CPU
	EndGlobalSection
	GlobalSection(ProjectConfigurationPlatforms) = postSolution
		{B808C9EF-3F67-48C5-B3E3-F88D8930528C}.Debug|Any CPU.ActiveCfg = Debug|Any CPU
		{B808C9EF-3F67-48C5-B3E3-F88D8930528C}.Debug|Any CPU.Build.0 = Debug|Any CPU
		{B808C9EF-3F67-48C5-B3E3-F88D8930528C}.Release|Any CPU.ActiveCfg = Release|Any CPU
		{B808C9EF-3F67-48C5-B3E3-F88D8930528C}.Release|Any CPU.Build.0 = Release|Any CPU
		{3BA6BBC1-475D-4A0E-A71D-7C33054DB8AE}.Debug|Any CPU.ActiveCfg = Debug|Any CPU
		{3BA6BBC1-475D-4A0E-A71D-7C33054DB8AE}.Debug|Any CPU.Build.0 = Debug|Any CPU
		{3BA6BBC1-475D-4A0E-A71D-7C33054DB8AE}.Release|Any CPU.ActiveCfg = Release|Any CPU
		{3BA6BBC1-475D-4A0E-A71D-7C33054DB8AE}.Release|Any CPU.Build.0 = Release|Any CPU
	EndGlobalSection
	GlobalSection(SolutionProperties) = preSolution
		HideSolutionNode = FALSE
	EndGlobalSection
	GlobalSection(ExtensibilityGlobals) = postSolution
		SolutionGuid = {67D15BE5-6AD6-452D-BD10-4D2060F9CF4B}
	EndGlobalSection
EndGlobal
